
Microsoft Visual Studio Solution File, Format Version 12.00
# Visual Studio Version 17
VisualStudioVersion = 17.7.34221.43
MinimumVisualStudioVersion = 10.0.40219.1
Project("{9A19103F-16F7-4668-BE54-9A1E7A4F7556}") = "Inheritance", "Inheritance\Inheritance.csproj", "{303D550C-2FE0-46E2-806D-758B7A6C2A8B}"
EndProject
Global
	GlobalSection(SolutionConfigurationPlatforms) = preSolution
		Debug|Any CPU = Debug|Any CPU
		Release|Any CPU = Release|Any CPU
	EndGlobalSection
	GlobalSection(ProjectConfigurationPlatforms) = postSolution
		{303D550C-2FE0-46E2-806D-758B7A6C2A8B}.Debug|Any CPU.ActiveCfg = Debug|Any CPU
		{303D550C-2FE0-46E2-806D-758B7A6C2A8B}.Debug|Any CPU.Build.0 = Debug|Any CPU
		{303D550C-2FE0-46E2-806D-758B7A6C2A8B}.Release|Any CPU.ActiveCfg = Release|Any CPU
		{303D550C-2FE0-46E2-806D-758B7A6C2A8B}.Release|Any CPU.Build.0 = Release|Any CPU
	EndGlobalSection
	GlobalSection(SolutionProperties) = preSolution
		HideSolutionNode = FALSE
	EndGlobalSection
	GlobalSection(ExtensibilityGlobals) = postSolution
		SolutionGuid = {530A2376-7A77-46F4-A7A5-47CAD7A33ED0}
	EndGlobalSection
EndGlobal
